// !$*UTF8*$!
{
	archiveVersion = 1;
	classes = {
	};
	objectVersion = 55;
	objects = {

/* Begin PBXBuildFile section */
		A1B8B4A25FFE53B8200EC7D0 /* Pods_Messenger.framework in Frameworks */ = {isa = PBXBuildFile; fileRef = 50308E3980433006790E632D /* Pods_Messenger.framework */; };
		C50A94D128C60B39006965B4 /* TabBarPresenter.swift in Sources */ = {isa = PBXBuildFile; fileRef = C50A94D028C60B39006965B4 /* TabBarPresenter.swift */; };
		C50A94D328C60B42006965B4 /* TabBarRouter.swift in Sources */ = {isa = PBXBuildFile; fileRef = C50A94D228C60B41006965B4 /* TabBarRouter.swift */; };
		C50A94D528C60B50006965B4 /* TabBarAssembly.swift in Sources */ = {isa = PBXBuildFile; fileRef = C50A94D428C60B50006965B4 /* TabBarAssembly.swift */; };
		C50A94D828C6109D006965B4 /* ChatViewController.swift in Sources */ = {isa = PBXBuildFile; fileRef = C50A94D728C6109D006965B4 /* ChatViewController.swift */; };
		C50A94DA28C610A4006965B4 /* ChatPresenter.swift in Sources */ = {isa = PBXBuildFile; fileRef = C50A94D928C610A4006965B4 /* ChatPresenter.swift */; };
		C50A94DC28C610B7006965B4 /* ChatAssembly.swift in Sources */ = {isa = PBXBuildFile; fileRef = C50A94DB28C610B7006965B4 /* ChatAssembly.swift */; };
		C50A94DE28C610C0006965B4 /* ChatRouter.swift in Sources */ = {isa = PBXBuildFile; fileRef = C50A94DD28C610C0006965B4 /* ChatRouter.swift */; };
		C50A94E128C61449006965B4 /* ProfileViewController.swift in Sources */ = {isa = PBXBuildFile; fileRef = C50A94E028C61449006965B4 /* ProfileViewController.swift */; };
		C50A94E328C6147F006965B4 /* ProfilePresenter.swift in Sources */ = {isa = PBXBuildFile; fileRef = C50A94E228C6147F006965B4 /* ProfilePresenter.swift */; };
		C50A94E528C614B8006965B4 /* ProfileRouter.swift in Sources */ = {isa = PBXBuildFile; fileRef = C50A94E428C614B8006965B4 /* ProfileRouter.swift */; };
		C50A94E728C614E3006965B4 /* ProfileAssembly.swift in Sources */ = {isa = PBXBuildFile; fileRef = C50A94E628C614E3006965B4 /* ProfileAssembly.swift */; };
		C526040628C69A87002A4595 /* GoogleService-Info.plist in Resources */ = {isa = PBXBuildFile; fileRef = C526040528C69A87002A4595 /* GoogleService-Info.plist */; };
		C52DEB5A28C53A1B0096F35A /* TabBarViewController.swift in Sources */ = {isa = PBXBuildFile; fileRef = C52DEB5928C53A1B0096F35A /* TabBarViewController.swift */; };
		C5681A3528C5202100F969E9 /* LogInViewController.swift in Sources */ = {isa = PBXBuildFile; fileRef = C5681A3428C5202100F969E9 /* LogInViewController.swift */; };
		C5681A3A28C5209F00F969E9 /* LogInAssembly.swift in Sources */ = {isa = PBXBuildFile; fileRef = C5681A3928C5209F00F969E9 /* LogInAssembly.swift */; };
		C5681A3C28C520A800F969E9 /* LogInPresenter.swift in Sources */ = {isa = PBXBuildFile; fileRef = C5681A3B28C520A800F969E9 /* LogInPresenter.swift */; };
		C5681A3E28C520BB00F969E9 /* LogInRouter.swift in Sources */ = {isa = PBXBuildFile; fileRef = C5681A3D28C520BB00F969E9 /* LogInRouter.swift */; };
		C5681A4128C520D500F969E9 /* SignInViewController.swift in Sources */ = {isa = PBXBuildFile; fileRef = C5681A4028C520D500F969E9 /* SignInViewController.swift */; };
		C5681A4328C520DC00F969E9 /* SignInPresenter.swift in Sources */ = {isa = PBXBuildFile; fileRef = C5681A4228C520DC00F969E9 /* SignInPresenter.swift */; };
		C5681A4528C520E400F969E9 /* SignInRouter.swift in Sources */ = {isa = PBXBuildFile; fileRef = C5681A4428C520E400F969E9 /* SignInRouter.swift */; };
		C5681A4728C520EF00F969E9 /* SignInAssembly.swift in Sources */ = {isa = PBXBuildFile; fileRef = C5681A4628C520EF00F969E9 /* SignInAssembly.swift */; };
		C5AB522F28C51B3300BC2E99 /* AppDelegate.swift in Sources */ = {isa = PBXBuildFile; fileRef = C5AB522E28C51B3300BC2E99 /* AppDelegate.swift */; };
		C5AB523128C51B3300BC2E99 /* SceneDelegate.swift in Sources */ = {isa = PBXBuildFile; fileRef = C5AB523028C51B3300BC2E99 /* SceneDelegate.swift */; };
		C5AB523828C51B3300BC2E99 /* Assets.xcassets in Resources */ = {isa = PBXBuildFile; fileRef = C5AB523728C51B3300BC2E99 /* Assets.xcassets */; };
		C5AB523B28C51B3300BC2E99 /* LaunchScreen.storyboard in Resources */ = {isa = PBXBuildFile; fileRef = C5AB523928C51B3300BC2E99 /* LaunchScreen.storyboard */; };
/* End PBXBuildFile section */

/* Begin PBXFileReference section */
		50308E3980433006790E632D /* Pods_Messenger.framework */ = {isa = PBXFileReference; explicitFileType = wrapper.framework; includeInIndex = 0; path = Pods_Messenger.framework; sourceTree = BUILT_PRODUCTS_DIR; };
		7453BF05C5D3F39AE3309EAD /* Pods-Messenger.debug.xcconfig */ = {isa = PBXFileReference; includeInIndex = 1; lastKnownFileType = text.xcconfig; name = "Pods-Messenger.debug.xcconfig"; path = "Target Support Files/Pods-Messenger/Pods-Messenger.debug.xcconfig"; sourceTree = "<group>"; };
		C50A94D028C60B39006965B4 /* TabBarPresenter.swift */ = {isa = PBXFileReference; lastKnownFileType = sourcecode.swift; path = TabBarPresenter.swift; sourceTree = "<group>"; };
		C50A94D228C60B41006965B4 /* TabBarRouter.swift */ = {isa = PBXFileReference; lastKnownFileType = sourcecode.swift; path = TabBarRouter.swift; sourceTree = "<group>"; };
		C50A94D428C60B50006965B4 /* TabBarAssembly.swift */ = {isa = PBXFileReference; lastKnownFileType = sourcecode.swift; path = TabBarAssembly.swift; sourceTree = "<group>"; };
		C50A94D728C6109D006965B4 /* ChatViewController.swift */ = {isa = PBXFileReference; lastKnownFileType = sourcecode.swift; path = ChatViewController.swift; sourceTree = "<group>"; };
		C50A94D928C610A4006965B4 /* ChatPresenter.swift */ = {isa = PBXFileReference; lastKnownFileType = sourcecode.swift; path = ChatPresenter.swift; sourceTree = "<group>"; };
		C50A94DB28C610B7006965B4 /* ChatAssembly.swift */ = {isa = PBXFileReference; lastKnownFileType = sourcecode.swift; path = ChatAssembly.swift; sourceTree = "<group>"; };
		C50A94DD28C610C0006965B4 /* ChatRouter.swift */ = {isa = PBXFileReference; lastKnownFileType = sourcecode.swift; path = ChatRouter.swift; sourceTree = "<group>"; };
		C50A94E028C61449006965B4 /* ProfileViewController.swift */ = {isa = PBXFileReference; lastKnownFileType = sourcecode.swift; path = ProfileViewController.swift; sourceTree = "<group>"; };
		C50A94E228C6147F006965B4 /* ProfilePresenter.swift */ = {isa = PBXFileReference; lastKnownFileType = sourcecode.swift; path = ProfilePresenter.swift; sourceTree = "<group>"; };
		C50A94E428C614B8006965B4 /* ProfileRouter.swift */ = {isa = PBXFileReference; lastKnownFileType = sourcecode.swift; path = ProfileRouter.swift; sourceTree = "<group>"; };
		C50A94E628C614E3006965B4 /* ProfileAssembly.swift */ = {isa = PBXFileReference; lastKnownFileType = sourcecode.swift; path = ProfileAssembly.swift; sourceTree = "<group>"; };
		C526040528C69A87002A4595 /* GoogleService-Info.plist */ = {isa = PBXFileReference; fileEncoding = 4; lastKnownFileType = text.plist.xml; name = "GoogleService-Info.plist"; path = "../../../../../Downloads/GoogleService-Info.plist"; sourceTree = "<group>"; };
		C52DEB5928C53A1B0096F35A /* TabBarViewController.swift */ = {isa = PBXFileReference; lastKnownFileType = sourcecode.swift; path = TabBarViewController.swift; sourceTree = "<group>"; };
		C5681A3428C5202100F969E9 /* LogInViewController.swift */ = {isa = PBXFileReference; lastKnownFileType = sourcecode.swift; path = LogInViewController.swift; sourceTree = "<group>"; };
		C5681A3928C5209F00F969E9 /* LogInAssembly.swift */ = {isa = PBXFileReference; lastKnownFileType = sourcecode.swift; path = LogInAssembly.swift; sourceTree = "<group>"; };
		C5681A3B28C520A800F969E9 /* LogInPresenter.swift */ = {isa = PBXFileReference; lastKnownFileType = sourcecode.swift; path = LogInPresenter.swift; sourceTree = "<group>"; };
		C5681A3D28C520BB00F969E9 /* LogInRouter.swift */ = {isa = PBXFileReference; lastKnownFileType = sourcecode.swift; path = LogInRouter.swift; sourceTree = "<group>"; };
		C5681A4028C520D500F969E9 /* SignInViewController.swift */ = {isa = PBXFileReference; lastKnownFileType = sourcecode.swift; path = SignInViewController.swift; sourceTree = "<group>"; };
		C5681A4228C520DC00F969E9 /* SignInPresenter.swift */ = {isa = PBXFileReference; lastKnownFileType = sourcecode.swift; path = SignInPresenter.swift; sourceTree = "<group>"; };
		C5681A4428C520E400F969E9 /* SignInRouter.swift */ = {isa = PBXFileReference; lastKnownFileType = sourcecode.swift; path = SignInRouter.swift; sourceTree = "<group>"; };
		C5681A4628C520EF00F969E9 /* SignInAssembly.swift */ = {isa = PBXFileReference; lastKnownFileType = sourcecode.swift; path = SignInAssembly.swift; sourceTree = "<group>"; };
		C5AB522B28C51B3300BC2E99 /* Messenger.app */ = {isa = PBXFileReference; explicitFileType = wrapper.application; includeInIndex = 0; path = Messenger.app; sourceTree = BUILT_PRODUCTS_DIR; };
		C5AB522E28C51B3300BC2E99 /* AppDelegate.swift */ = {isa = PBXFileReference; lastKnownFileType = sourcecode.swift; path = AppDelegate.swift; sourceTree = "<group>"; };
		C5AB523028C51B3300BC2E99 /* SceneDelegate.swift */ = {isa = PBXFileReference; lastKnownFileType = sourcecode.swift; path = SceneDelegate.swift; sourceTree = "<group>"; };
		C5AB523728C51B3300BC2E99 /* Assets.xcassets */ = {isa = PBXFileReference; lastKnownFileType = folder.assetcatalog; path = Assets.xcassets; sourceTree = "<group>"; };
		C5AB523A28C51B3300BC2E99 /* Base */ = {isa = PBXFileReference; lastKnownFileType = file.storyboard; name = Base; path = Base.lproj/LaunchScreen.storyboard; sourceTree = "<group>"; };
		C5AB523C28C51B3300BC2E99 /* Info.plist */ = {isa = PBXFileReference; lastKnownFileType = text.plist.xml; path = Info.plist; sourceTree = "<group>"; };
		D63D3C43B0C804CD18B1E483 /* Pods-Messenger.release.xcconfig */ = {isa = PBXFileReference; includeInIndex = 1; lastKnownFileType = text.xcconfig; name = "Pods-Messenger.release.xcconfig"; path = "Target Support Files/Pods-Messenger/Pods-Messenger.release.xcconfig"; sourceTree = "<group>"; };
/* End PBXFileReference section */

/* Begin PBXFrameworksBuildPhase section */
		C5AB522828C51B3300BC2E99 /* Frameworks */ = {
			isa = PBXFrameworksBuildPhase;
			buildActionMask = 2147483647;
			files = (
				A1B8B4A25FFE53B8200EC7D0 /* Pods_Messenger.framework in Frameworks */,
			);
			runOnlyForDeploymentPostprocessing = 0;
		};
/* End PBXFrameworksBuildPhase section */

/* Begin PBXGroup section */
		C50A94D628C61087006965B4 /* Chat */ = {
			isa = PBXGroup;
			children = (
				C50A94D728C6109D006965B4 /* ChatViewController.swift */,
				C50A94D928C610A4006965B4 /* ChatPresenter.swift */,
				C50A94DB28C610B7006965B4 /* ChatAssembly.swift */,
				C50A94DD28C610C0006965B4 /* ChatRouter.swift */,
			);
			path = Chat;
			sourceTree = "<group>";
		};
		C50A94DF28C6142B006965B4 /* Profile */ = {
			isa = PBXGroup;
			children = (
				C50A94E028C61449006965B4 /* ProfileViewController.swift */,
				C50A94E228C6147F006965B4 /* ProfilePresenter.swift */,
				C50A94E428C614B8006965B4 /* ProfileRouter.swift */,
				C50A94E628C614E3006965B4 /* ProfileAssembly.swift */,
			);
			path = Profile;
			sourceTree = "<group>";
		};
		C52DEB5828C539C40096F35A /* TabBar */ = {
			isa = PBXGroup;
			children = (
				C52DEB5928C53A1B0096F35A /* TabBarViewController.swift */,
				C50A94D028C60B39006965B4 /* TabBarPresenter.swift */,
				C50A94D228C60B41006965B4 /* TabBarRouter.swift */,
				C50A94D428C60B50006965B4 /* TabBarAssembly.swift */,
			);
			path = TabBar;
			sourceTree = "<group>";
		};
		C5681A3328C51FE800F969E9 /* Application */ = {
			isa = PBXGroup;
			children = (
				C5AB522E28C51B3300BC2E99 /* AppDelegate.swift */,
				C5AB523028C51B3300BC2E99 /* SceneDelegate.swift */,
			);
			path = Application;
			sourceTree = "<group>";
		};
		C5681A3628C5202900F969E9 /* Presentation */ = {
			isa = PBXGroup;
			children = (
				C5681A3828C5205700F969E9 /* UserStories */,
			);
			path = Presentation;
			sourceTree = "<group>";
		};
		C5681A3728C5203C00F969E9 /* LogIn */ = {
			isa = PBXGroup;
			children = (
				C5681A3428C5202100F969E9 /* LogInViewController.swift */,
				C5681A3928C5209F00F969E9 /* LogInAssembly.swift */,
				C5681A3B28C520A800F969E9 /* LogInPresenter.swift */,
				C5681A3D28C520BB00F969E9 /* LogInRouter.swift */,
			);
			path = LogIn;
			sourceTree = "<group>";
		};
		C5681A3828C5205700F969E9 /* UserStories */ = {
			isa = PBXGroup;
			children = (
				C5681A4828C520FB00F969E9 /* Shared */,
				C5681A3728C5203C00F969E9 /* LogIn */,
				C5681A3F28C520C700F969E9 /* SignIn */,
				C52DEB5828C539C40096F35A /* TabBar */,
				C50A94D628C61087006965B4 /* Chat */,
				C50A94DF28C6142B006965B4 /* Profile */,
			);
			path = UserStories;
			sourceTree = "<group>";
		};
		C5681A3F28C520C700F969E9 /* SignIn */ = {
			isa = PBXGroup;
			children = (
				C5681A4028C520D500F969E9 /* SignInViewController.swift */,
				C5681A4228C520DC00F969E9 /* SignInPresenter.swift */,
				C5681A4428C520E400F969E9 /* SignInRouter.swift */,
				C5681A4628C520EF00F969E9 /* SignInAssembly.swift */,
			);
			path = SignIn;
			sourceTree = "<group>";
		};
		C5681A4828C520FB00F969E9 /* Shared */ = {
			isa = PBXGroup;
			children = (
			);
			path = Shared;
			sourceTree = "<group>";
		};
		C5681A4928C5210900F969E9 /* Core */ = {
			isa = PBXGroup;
			children = (
			);
			path = Core;
			sourceTree = "<group>";
		};
		C5681A4A28C5211900F969E9 /* Services */ = {
			isa = PBXGroup;
			children = (
			);
			path = Services;
			sourceTree = "<group>";
		};
		C5681A4B28C5211E00F969E9 /* SupportingFiles */ = {
			isa = PBXGroup;
			children = (
				C5AB523728C51B3300BC2E99 /* Assets.xcassets */,
				C5AB523928C51B3300BC2E99 /* LaunchScreen.storyboard */,
				C5AB523C28C51B3300BC2E99 /* Info.plist */,
				C526040528C69A87002A4595 /* GoogleService-Info.plist */,
			);
			path = SupportingFiles;
			sourceTree = "<group>";
		};
		C5AB522228C51B3300BC2E99 = {
			isa = PBXGroup;
			children = (
				C5AB522D28C51B3300BC2E99 /* Messenger */,
				C5AB522C28C51B3300BC2E99 /* Products */,
				D26ED3C4894198BD90777BAF /* Pods */,
				FF44E5024CE45AE81A41ECF5 /* Frameworks */,
			);
			sourceTree = "<group>";
		};
		C5AB522C28C51B3300BC2E99 /* Products */ = {
			isa = PBXGroup;
			children = (
				C5AB522B28C51B3300BC2E99 /* Messenger.app */,
			);
			name = Products;
			sourceTree = "<group>";
		};
		C5AB522D28C51B3300BC2E99 /* Messenger */ = {
			isa = PBXGroup;
			children = (
				C5681A3328C51FE800F969E9 /* Application */,
				C5681A4928C5210900F969E9 /* Core */,
				C5681A3628C5202900F969E9 /* Presentation */,
				C5681A4A28C5211900F969E9 /* Services */,
				C5681A4B28C5211E00F969E9 /* SupportingFiles */,
			);
			path = Messenger;
			sourceTree = "<group>";
		};
		D26ED3C4894198BD90777BAF /* Pods */ = {
			isa = PBXGroup;
			children = (
				7453BF05C5D3F39AE3309EAD /* Pods-Messenger.debug.xcconfig */,
				D63D3C43B0C804CD18B1E483 /* Pods-Messenger.release.xcconfig */,
			);
			path = Pods;
			sourceTree = "<group>";
		};
		FF44E5024CE45AE81A41ECF5 /* Frameworks */ = {
			isa = PBXGroup;
			children = (
				50308E3980433006790E632D /* Pods_Messenger.framework */,
			);
			name = Frameworks;
			sourceTree = "<group>";
		};
/* End PBXGroup section */

/* Begin PBXNativeTarget section */
		C5AB522A28C51B3300BC2E99 /* Messenger */ = {
			isa = PBXNativeTarget;
			buildConfigurationList = C5AB523F28C51B3300BC2E99 /* Build configuration list for PBXNativeTarget "Messenger" */;
			buildPhases = (
				EE09E8ED9B8E4D376DD03721 /* [CP] Check Pods Manifest.lock */,
				C5AB522728C51B3300BC2E99 /* Sources */,
				C5AB522828C51B3300BC2E99 /* Frameworks */,
				C5AB522928C51B3300BC2E99 /* Resources */,
				2A5F567784A518E4FF11E8CD /* [CP] Embed Pods Frameworks */,
				C5A72A4528C51EC100A5DECF /* ShellScript */,
			);
			buildRules = (
			);
			dependencies = (
			);
			name = Messenger;
			productName = Messenger;
			productReference = C5AB522B28C51B3300BC2E99 /* Messenger.app */;
			productType = "com.apple.product-type.application";
		};
/* End PBXNativeTarget section */

/* Begin PBXProject section */
		C5AB522328C51B3300BC2E99 /* Project object */ = {
			isa = PBXProject;
			attributes = {
				BuildIndependentTargetsInParallel = 1;
				LastSwiftUpdateCheck = 1340;
				LastUpgradeCheck = 1340;
				TargetAttributes = {
					C5AB522A28C51B3300BC2E99 = {
						CreatedOnToolsVersion = 13.4.1;
					};
				};
			};
			buildConfigurationList = C5AB522628C51B3300BC2E99 /* Build configuration list for PBXProject "Messenger" */;
			compatibilityVersion = "Xcode 13.0";
			developmentRegion = en;
			hasScannedForEncodings = 0;
			knownRegions = (
				en,
				Base,
			);
			mainGroup = C5AB522228C51B3300BC2E99;
			productRefGroup = C5AB522C28C51B3300BC2E99 /* Products */;
			projectDirPath = "";
			projectRoot = "";
			targets = (
				C5AB522A28C51B3300BC2E99 /* Messenger */,
			);
		};
/* End PBXProject section */

/* Begin PBXResourcesBuildPhase section */
		C5AB522928C51B3300BC2E99 /* Resources */ = {
			isa = PBXResourcesBuildPhase;
			buildActionMask = 2147483647;
			files = (
				C5AB523B28C51B3300BC2E99 /* LaunchScreen.storyboard in Resources */,
				C5AB523828C51B3300BC2E99 /* Assets.xcassets in Resources */,
				C526040628C69A87002A4595 /* GoogleService-Info.plist in Resources */,
			);
			runOnlyForDeploymentPostprocessing = 0;
		};
/* End PBXResourcesBuildPhase section */

/* Begin PBXShellScriptBuildPhase section */
		2A5F567784A518E4FF11E8CD /* [CP] Embed Pods Frameworks */ = {
			isa = PBXShellScriptBuildPhase;
			buildActionMask = 2147483647;
			files = (
			);
			inputFileListPaths = (
				"${PODS_ROOT}/Target Support Files/Pods-Messenger/Pods-Messenger-frameworks-${CONFIGURATION}-input-files.xcfilelist",
			);
			name = "[CP] Embed Pods Frameworks";
			outputFileListPaths = (
				"${PODS_ROOT}/Target Support Files/Pods-Messenger/Pods-Messenger-frameworks-${CONFIGURATION}-output-files.xcfilelist",
			);
			runOnlyForDeploymentPostprocessing = 0;
			shellPath = /bin/sh;
			shellScript = "\"${PODS_ROOT}/Target Support Files/Pods-Messenger/Pods-Messenger-frameworks.sh\"\n";
			showEnvVarsInLog = 0;
		};
		C5A72A4528C51EC100A5DECF /* ShellScript */ = {
			isa = PBXShellScriptBuildPhase;
			buildActionMask = 2147483647;
			files = (
			);
			inputFileListPaths = (
			);
			inputPaths = (
			);
			outputFileListPaths = (
			);
			outputPaths = (
			);
			runOnlyForDeploymentPostprocessing = 0;
			shellPath = /bin/sh;
			shellScript = "\"${PODS_ROOT}/SwiftLint/swiftlint\"\n";
		};
		EE09E8ED9B8E4D376DD03721 /* [CP] Check Pods Manifest.lock */ = {
			isa = PBXShellScriptBuildPhase;
			buildActionMask = 2147483647;
			files = (
			);
			inputFileListPaths = (
			);
			inputPaths = (
				"${PODS_PODFILE_DIR_PATH}/Podfile.lock",
				"${PODS_ROOT}/Manifest.lock",
			);
			name = "[CP] Check Pods Manifest.lock";
			outputFileListPaths = (
			);
			outputPaths = (
				"$(DERIVED_FILE_DIR)/Pods-Messenger-checkManifestLockResult.txt",
			);
			runOnlyForDeploymentPostprocessing = 0;
			shellPath = /bin/sh;
			shellScript = "diff \"${PODS_PODFILE_DIR_PATH}/Podfile.lock\" \"${PODS_ROOT}/Manifest.lock\" > /dev/null\nif [ $? != 0 ] ; then\n    # print error to STDERR\n    echo \"error: The sandbox is not in sync with the Podfile.lock. Run 'pod install' or update your CocoaPods installation.\" >&2\n    exit 1\nfi\n# This output is used by Xcode 'outputs' to avoid re-running this script phase.\necho \"SUCCESS\" > \"${SCRIPT_OUTPUT_FILE_0}\"\n";
			showEnvVarsInLog = 0;
		};
/* End PBXShellScriptBuildPhase section */

/* Begin PBXSourcesBuildPhase section */
		C5AB522728C51B3300BC2E99 /* Sources */ = {
			isa = PBXSourcesBuildPhase;
			buildActionMask = 2147483647;
			files = (
				C50A94DE28C610C0006965B4 /* ChatRouter.swift in Sources */,
				C5681A4528C520E400F969E9 /* SignInRouter.swift in Sources */,
				C50A94D528C60B50006965B4 /* TabBarAssembly.swift in Sources */,
				C5681A4328C520DC00F969E9 /* SignInPresenter.swift in Sources */,
				C52DEB5A28C53A1B0096F35A /* TabBarViewController.swift in Sources */,
				C5681A4128C520D500F969E9 /* SignInViewController.swift in Sources */,
				C50A94E528C614B8006965B4 /* ProfileRouter.swift in Sources */,
				C5681A4728C520EF00F969E9 /* SignInAssembly.swift in Sources */,
				C50A94DA28C610A4006965B4 /* ChatPresenter.swift in Sources */,
				C50A94D328C60B42006965B4 /* TabBarRouter.swift in Sources */,
				C50A94E128C61449006965B4 /* ProfileViewController.swift in Sources */,
				C5681A3E28C520BB00F969E9 /* LogInRouter.swift in Sources */,
				C50A94E728C614E3006965B4 /* ProfileAssembly.swift in Sources */,
				C5681A3528C5202100F969E9 /* LogInViewController.swift in Sources */,
				C5AB522F28C51B3300BC2E99 /* AppDelegate.swift in Sources */,
				C50A94D128C60B39006965B4 /* TabBarPresenter.swift in Sources */,
				C50A94DC28C610B7006965B4 /* ChatAssembly.swift in Sources */,
				C5681A3C28C520A800F969E9 /* LogInPresenter.swift in Sources */,
				C5AB523128C51B3300BC2E99 /* SceneDelegate.swift in Sources */,
				C50A94D828C6109D006965B4 /* ChatViewController.swift in Sources */,
				C50A94E328C6147F006965B4 /* ProfilePresenter.swift in Sources */,
				C5681A3A28C5209F00F969E9 /* LogInAssembly.swift in Sources */,
			);
			runOnlyForDeploymentPostprocessing = 0;
		};
/* End PBXSourcesBuildPhase section */

/* Begin PBXVariantGroup section */
		C5AB523928C51B3300BC2E99 /* LaunchScreen.storyboard */ = {
			isa = PBXVariantGroup;
			children = (
				C5AB523A28C51B3300BC2E99 /* Base */,
			);
			name = LaunchScreen.storyboard;
			sourceTree = "<group>";
		};
/* End PBXVariantGroup section */

/* Begin XCBuildConfiguration section */
		C5AB523D28C51B3300BC2E99 /* Debug */ = {
			isa = XCBuildConfiguration;
			buildSettings = {
				ALWAYS_SEARCH_USER_PATHS = NO;
				CLANG_ANALYZER_NONNULL = YES;
				CLANG_ANALYZER_NUMBER_OBJECT_CONVERSION = YES_AGGRESSIVE;
				CLANG_CXX_LANGUAGE_STANDARD = "gnu++17";
				CLANG_ENABLE_MODULES = YES;
				CLANG_ENABLE_OBJC_ARC = YES;
				CLANG_ENABLE_OBJC_WEAK = YES;
				CLANG_WARN_BLOCK_CAPTURE_AUTORELEASING = YES;
				CLANG_WARN_BOOL_CONVERSION = YES;
				CLANG_WARN_COMMA = YES;
				CLANG_WARN_CONSTANT_CONVERSION = YES;
				CLANG_WARN_DEPRECATED_OBJC_IMPLEMENTATIONS = YES;
				CLANG_WARN_DIRECT_OBJC_ISA_USAGE = YES_ERROR;
				CLANG_WARN_DOCUMENTATION_COMMENTS = YES;
				CLANG_WARN_EMPTY_BODY = YES;
				CLANG_WARN_ENUM_CONVERSION = YES;
				CLANG_WARN_INFINITE_RECURSION = YES;
				CLANG_WARN_INT_CONVERSION = YES;
				CLANG_WARN_NON_LITERAL_NULL_CONVERSION = YES;
				CLANG_WARN_OBJC_IMPLICIT_RETAIN_SELF = YES;
				CLANG_WARN_OBJC_LITERAL_CONVERSION = YES;
				CLANG_WARN_OBJC_ROOT_CLASS = YES_ERROR;
				CLANG_WARN_QUOTED_INCLUDE_IN_FRAMEWORK_HEADER = YES;
				CLANG_WARN_RANGE_LOOP_ANALYSIS = YES;
				CLANG_WARN_STRICT_PROTOTYPES = YES;
				CLANG_WARN_SUSPICIOUS_MOVE = YES;
				CLANG_WARN_UNGUARDED_AVAILABILITY = YES_AGGRESSIVE;
				CLANG_WARN_UNREACHABLE_CODE = YES;
				CLANG_WARN__DUPLICATE_METHOD_MATCH = YES;
				COPY_PHASE_STRIP = NO;
				DEBUG_INFORMATION_FORMAT = dwarf;
				ENABLE_STRICT_OBJC_MSGSEND = YES;
				ENABLE_TESTABILITY = YES;
				GCC_C_LANGUAGE_STANDARD = gnu11;
				GCC_DYNAMIC_NO_PIC = NO;
				GCC_NO_COMMON_BLOCKS = YES;
				GCC_OPTIMIZATION_LEVEL = 0;
				GCC_PREPROCESSOR_DEFINITIONS = (
					"DEBUG=1",
					"$(inherited)",
				);
				GCC_WARN_64_TO_32_BIT_CONVERSION = YES;
				GCC_WARN_ABOUT_RETURN_TYPE = YES_ERROR;
				GCC_WARN_UNDECLARED_SELECTOR = YES;
				GCC_WARN_UNINITIALIZED_AUTOS = YES_AGGRESSIVE;
				GCC_WARN_UNUSED_FUNCTION = YES;
				GCC_WARN_UNUSED_VARIABLE = YES;
				IPHONEOS_DEPLOYMENT_TARGET = 15.5;
				MTL_ENABLE_DEBUG_INFO = INCLUDE_SOURCE;
				MTL_FAST_MATH = YES;
				ONLY_ACTIVE_ARCH = YES;
				SDKROOT = iphoneos;
				SWIFT_ACTIVE_COMPILATION_CONDITIONS = DEBUG;
				SWIFT_OPTIMIZATION_LEVEL = "-Onone";
			};
			name = Debug;
		};
		C5AB523E28C51B3300BC2E99 /* Release */ = {
			isa = XCBuildConfiguration;
			buildSettings = {
				ALWAYS_SEARCH_USER_PATHS = NO;
				CLANG_ANALYZER_NONNULL = YES;
				CLANG_ANALYZER_NUMBER_OBJECT_CONVERSION = YES_AGGRESSIVE;
				CLANG_CXX_LANGUAGE_STANDARD = "gnu++17";
				CLANG_ENABLE_MODULES = YES;
				CLANG_ENABLE_OBJC_ARC = YES;
				CLANG_ENABLE_OBJC_WEAK = YES;
				CLANG_WARN_BLOCK_CAPTURE_AUTORELEASING = YES;
				CLANG_WARN_BOOL_CONVERSION = YES;
				CLANG_WARN_COMMA = YES;
				CLANG_WARN_CONSTANT_CONVERSION = YES;
				CLANG_WARN_DEPRECATED_OBJC_IMPLEMENTATIONS = YES;
				CLANG_WARN_DIRECT_OBJC_ISA_USAGE = YES_ERROR;
				CLANG_WARN_DOCUMENTATION_COMMENTS = YES;
				CLANG_WARN_EMPTY_BODY = YES;
				CLANG_WARN_ENUM_CONVERSION = YES;
				CLANG_WARN_INFINITE_RECURSION = YES;
				CLANG_WARN_INT_CONVERSION = YES;
				CLANG_WARN_NON_LITERAL_NULL_CONVERSION = YES;
				CLANG_WARN_OBJC_IMPLICIT_RETAIN_SELF = YES;
				CLANG_WARN_OBJC_LITERAL_CONVERSION = YES;
				CLANG_WARN_OBJC_ROOT_CLASS = YES_ERROR;
				CLANG_WARN_QUOTED_INCLUDE_IN_FRAMEWORK_HEADER = YES;
				CLANG_WARN_RANGE_LOOP_ANALYSIS = YES;
				CLANG_WARN_STRICT_PROTOTYPES = YES;
				CLANG_WARN_SUSPICIOUS_MOVE = YES;
				CLANG_WARN_UNGUARDED_AVAILABILITY = YES_AGGRESSIVE;
				CLANG_WARN_UNREACHABLE_CODE = YES;
				CLANG_WARN__DUPLICATE_METHOD_MATCH = YES;
				COPY_PHASE_STRIP = NO;
				DEBUG_INFORMATION_FORMAT = "dwarf-with-dsym";
				ENABLE_NS_ASSERTIONS = NO;
				ENABLE_STRICT_OBJC_MSGSEND = YES;
				GCC_C_LANGUAGE_STANDARD = gnu11;
				GCC_NO_COMMON_BLOCKS = YES;
				GCC_WARN_64_TO_32_BIT_CONVERSION = YES;
				GCC_WARN_ABOUT_RETURN_TYPE = YES_ERROR;
				GCC_WARN_UNDECLARED_SELECTOR = YES;
				GCC_WARN_UNINITIALIZED_AUTOS = YES_AGGRESSIVE;
				GCC_WARN_UNUSED_FUNCTION = YES;
				GCC_WARN_UNUSED_VARIABLE = YES;
				IPHONEOS_DEPLOYMENT_TARGET = 15.5;
				MTL_ENABLE_DEBUG_INFO = NO;
				MTL_FAST_MATH = YES;
				SDKROOT = iphoneos;
				SWIFT_COMPILATION_MODE = wholemodule;
				SWIFT_OPTIMIZATION_LEVEL = "-O";
				VALIDATE_PRODUCT = YES;
			};
			name = Release;
		};
		C5AB524028C51B3300BC2E99 /* Debug */ = {
			isa = XCBuildConfiguration;
			baseConfigurationReference = 7453BF05C5D3F39AE3309EAD /* Pods-Messenger.debug.xcconfig */;
			buildSettings = {
				ASSETCATALOG_COMPILER_APPICON_NAME = AppIcon;
				ASSETCATALOG_COMPILER_GLOBAL_ACCENT_COLOR_NAME = AccentColor;
				CODE_SIGN_STYLE = Automatic;
				CURRENT_PROJECT_VERSION = 1;
				DEVELOPMENT_TEAM = MNX7G7328F;
				GENERATE_INFOPLIST_FILE = YES;
				INFOPLIST_FILE = Messenger/SupportingFiles/Info.plist;
				INFOPLIST_KEY_UIApplicationSupportsIndirectInputEvents = YES;
				INFOPLIST_KEY_UILaunchStoryboardName = LaunchScreen;
				INFOPLIST_KEY_UISupportedInterfaceOrientations_iPad = "UIInterfaceOrientationPortrait UIInterfaceOrientationPortraitUpsideDown UIInterfaceOrientationLandscapeLeft UIInterfaceOrientationLandscapeRight";
				INFOPLIST_KEY_UISupportedInterfaceOrientations_iPhone = "UIInterfaceOrientationPortrait UIInterfaceOrientationLandscapeLeft UIInterfaceOrientationLandscapeRight";
				LD_RUNPATH_SEARCH_PATHS = (
					"$(inherited)",
					"@executable_path/Frameworks",
				);
				MARKETING_VERSION = 1.0;
				PRODUCT_BUNDLE_IDENTIFIER = com.manigorman.education.Messenger;
				PRODUCT_NAME = "$(TARGET_NAME)";
				SWIFT_EMIT_LOC_STRINGS = YES;
				SWIFT_VERSION = 5.0;
				TARGETED_DEVICE_FAMILY = "1,2";
			};
			name = Debug;
		};
		C5AB524128C51B3300BC2E99 /* Release */ = {
			isa = XCBuildConfiguration;
			baseConfigurationReference = D63D3C43B0C804CD18B1E483 /* Pods-Messenger.release.xcconfig */;
			buildSettings = {
				ASSETCATALOG_COMPILER_APPICON_NAME = AppIcon;
				ASSETCATALOG_COMPILER_GLOBAL_ACCENT_COLOR_NAME = AccentColor;
				CODE_SIGN_STYLE = Automatic;
				CURRENT_PROJECT_VERSION = 1;
				DEVELOPMENT_TEAM = MNX7G7328F;
				GENERATE_INFOPLIST_FILE = YES;
				INFOPLIST_FILE = Messenger/SupportingFiles/Info.plist;
				INFOPLIST_KEY_UIApplicationSupportsIndirectInputEvents = YES;
				INFOPLIST_KEY_UILaunchStoryboardName = LaunchScreen;
				INFOPLIST_KEY_UISupportedInterfaceOrientations_iPad = "UIInterfaceOrientationPortrait UIInterfaceOrientationPortraitUpsideDown UIInterfaceOrientationLandscapeLeft UIInterfaceOrientationLandscapeRight";
				INFOPLIST_KEY_UISupportedInterfaceOrientations_iPhone = "UIInterfaceOrientationPortrait UIInterfaceOrientationLandscapeLeft UIInterfaceOrientationLandscapeRight";
				LD_RUNPATH_SEARCH_PATHS = (
					"$(inherited)",
					"@executable_path/Frameworks",
				);
				MARKETING_VERSION = 1.0;
				PRODUCT_BUNDLE_IDENTIFIER = com.manigorman.education.Messenger;
				PRODUCT_NAME = "$(TARGET_NAME)";
				SWIFT_EMIT_LOC_STRINGS = YES;
				SWIFT_VERSION = 5.0;
				TARGETED_DEVICE_FAMILY = "1,2";
			};
			name = Release;
		};
/* End XCBuildConfiguration section */

/* Begin XCConfigurationList section */
		C5AB522628C51B3300BC2E99 /* Build configuration list for PBXProject "Messenger" */ = {
			isa = XCConfigurationList;
			buildConfigurations = (
				C5AB523D28C51B3300BC2E99 /* Debug */,
				C5AB523E28C51B3300BC2E99 /* Release */,
			);
			defaultConfigurationIsVisible = 0;
			defaultConfigurationName = Release;
		};
		C5AB523F28C51B3300BC2E99 /* Build configuration list for PBXNativeTarget "Messenger" */ = {
			isa = XCConfigurationList;
			buildConfigurations = (
				C5AB524028C51B3300BC2E99 /* Debug */,
				C5AB524128C51B3300BC2E99 /* Release */,
			);
			defaultConfigurationIsVisible = 0;
			defaultConfigurationName = Release;
		};
/* End XCConfigurationList section */
	};
	rootObject = C5AB522328C51B3300BC2E99 /* Project object */;
}
